
Microsoft Visual Studio Solution File, Format Version 12.00
# Visual Studio Version 17
VisualStudioVersion = 17.0.31903.59
MinimumVisualStudioVersion = 10.0.40219.1
Project("{2150E333-8FDC-42A3-9474-1A3956D46DE8}") = "SOURCE", "SOURCE", "{3A7D5274-4D63-4C07-BC72-74153BCF8E24}"
EndProject
Project("{FAE04EC0-301F-11D3-BF4B-00C04F79EFBC}") = "KuiperZone.Marklet.Stack", "SOURCE\KuiperZone.Marklet.Stack\KuiperZone.Marklet.Stack.csproj", "{28F3993E-546E-4115-9C1B-237210224CB3}"
EndProject
Project("{FAE04EC0-301F-11D3-BF4B-00C04F79EFBC}") = "KuiperZone.Marklet.Stack.Test", "TEST\KuiperZone.Marklet.Stack.Test\KuiperZone.Marklet.Stack.Test.csproj", "{F9ECA8CC-EB11-49CE-8510-62D39C161F2C}"
EndProject
Project("{FAE04EC0-301F-11D3-BF4B-00C04F79EFBC}") = "KuiperZone.Marklet", "SOURCE\KuiperZone.Marklet\KuiperZone.Marklet.csproj", "{63FDAD7D-7180-4A20-92B8-D42B19A2BF7F}"
EndProject
Project("{2150E333-8FDC-42A3-9474-1A3956D46DE8}") = "TEST", "TEST", "{1B99156D-ADE7-4E42-AA65-F35EA44CFCA6}"
EndProject
Project("{FAE04EC0-301F-11D3-BF4B-00C04F79EFBC}") = "KuiperZone.Marklet.Test", "TEST\KuiperZone.Marklet.Test\KuiperZone.Marklet.Test.csproj", "{836E4455-E41A-4453-A0BB-0860746A0760}"
EndProject
Project("{FAE04EC0-301F-11D3-BF4B-00C04F79EFBC}") = "KuiperZone.Marklet.PixieChrome", "SOURCE\KuiperZone.Marklet.PixieChrome\KuiperZone.Marklet.PixieChrome.csproj", "{43A0E3B6-6563-4116-AA3D-0A028D1FC713}"
EndProject
Project("{FAE04EC0-301F-11D3-BF4B-00C04F79EFBC}") = "KuiperZone.Marklet.Tooling", "SOURCE\KuiperZone.Marklet.Tooling\KuiperZone.Marklet.Tooling.csproj", "{04ABA687-35F5-4D38-BA02-08C8C39A3A5B}"
EndProject
Project("{FAE04EC0-301F-11D3-BF4B-00C04F79EFBC}") = "KuiperZone.Marklet.Tooling.Test", "TEST\KuiperZone.Marklet.Tooling.Test\KuiperZone.Marklet.Tooling.Test.csproj", "{7F96B188-4613-4320-B122-6D835DEC490D}"
EndProject
Project("{FAE04EC0-301F-11D3-BF4B-00C04F79EFBC}") = "KuiperZone.Marklet.PixieChrome.Test", "TEST\KuiperZone.Marklet.PixieChrome.Test\KuiperZone.Marklet.PixieChrome.Test.csproj", "{C8B553E6-7C4A-4FB0-AB5F-67413667D42A}"
EndProject
Global
	GlobalSection(SolutionConfigurationPlatforms) = preSolution
		Debug|Any CPU = Debug|Any CPU
		Debug|x64 = Debug|x64
		Debug|x86 = Debug|x86
		Release|Any CPU = Release|Any CPU
		Release|x64 = Release|x64
		Release|x86 = Release|x86
	EndGlobalSection
	GlobalSection(ProjectConfigurationPlatforms) = postSolution
		{28F3993E-546E-4115-9C1B-237210224CB3}.Debug|Any CPU.ActiveCfg = Debug|Any CPU
		{28F3993E-546E-4115-9C1B-237210224CB3}.Debug|Any CPU.Build.0 = Debug|Any CPU
		{28F3993E-546E-4115-9C1B-237210224CB3}.Debug|x64.ActiveCfg = Debug|Any CPU
		{28F3993E-546E-4115-9C1B-237210224CB3}.Debug|x64.Build.0 = Debug|Any CPU
		{28F3993E-546E-4115-9C1B-237210224CB3}.Debug|x86.ActiveCfg = Debug|Any CPU
		{28F3993E-546E-4115-9C1B-237210224CB3}.Debug|x86.Build.0 = Debug|Any CPU
		{28F3993E-546E-4115-9C1B-237210224CB3}.Release|Any CPU.ActiveCfg = Release|Any CPU
		{28F3993E-546E-4115-9C1B-237210224CB3}.Release|Any CPU.Build.0 = Release|Any CPU
		{28F3993E-546E-4115-9C1B-237210224CB3}.Release|x64.ActiveCfg = Release|Any CPU
		{28F3993E-546E-4115-9C1B-237210224CB3}.Release|x64.Build.0 = Release|Any CPU
		{28F3993E-546E-4115-9C1B-237210224CB3}.Release|x86.ActiveCfg = Release|Any CPU
		{28F3993E-546E-4115-9C1B-237210224CB3}.Release|x86.Build.0 = Release|Any CPU
		{F9ECA8CC-EB11-49CE-8510-62D39C161F2C}.Debug|Any CPU.ActiveCfg = Debug|Any CPU
		{F9ECA8CC-EB11-49CE-8510-62D39C161F2C}.Debug|Any CPU.Build.0 = Debug|Any CPU
		{F9ECA8CC-EB11-49CE-8510-62D39C161F2C}.Debug|x64.ActiveCfg = Debug|Any CPU
		{F9ECA8CC-EB11-49CE-8510-62D39C161F2C}.Debug|x64.Build.0 = Debug|Any CPU
		{F9ECA8CC-EB11-49CE-8510-62D39C161F2C}.Debug|x86.ActiveCfg = Debug|Any CPU
		{F9ECA8CC-EB11-49CE-8510-62D39C161F2C}.Debug|x86.Build.0 = Debug|Any CPU
		{F9ECA8CC-EB11-49CE-8510-62D39C161F2C}.Release|Any CPU.ActiveCfg = Release|Any CPU
		{F9ECA8CC-EB11-49CE-8510-62D39C161F2C}.Release|Any CPU.Build.0 = Release|Any CPU
		{F9ECA8CC-EB11-49CE-8510-62D39C161F2C}.Release|x64.ActiveCfg = Release|Any CPU
		{F9ECA8CC-EB11-49CE-8510-62D39C161F2C}.Release|x64.Build.0 = Release|Any CPU
		{F9ECA8CC-EB11-49CE-8510-62D39C161F2C}.Release|x86.ActiveCfg = Release|Any CPU
		{F9ECA8CC-EB11-49CE-8510-62D39C161F2C}.Release|x86.Build.0 = Release|Any CPU
		{63FDAD7D-7180-4A20-92B8-D42B19A2BF7F}.Debug|Any CPU.ActiveCfg = Debug|Any CPU
		{63FDAD7D-7180-4A20-92B8-D42B19A2BF7F}.Debug|Any CPU.Build.0 = Debug|Any CPU
		{63FDAD7D-7180-4A20-92B8-D42B19A2BF7F}.Debug|x64.ActiveCfg = Debug|Any CPU
		{63FDAD7D-7180-4A20-92B8-D42B19A2BF7F}.Debug|x64.Build.0 = Debug|Any CPU
		{63FDAD7D-7180-4A20-92B8-D42B19A2BF7F}.Debug|x86.ActiveCfg = Debug|Any CPU
		{63FDAD7D-7180-4A20-92B8-D42B19A2BF7F}.Debug|x86.Build.0 = Debug|Any CPU
		{63FDAD7D-7180-4A20-92B8-D42B19A2BF7F}.Release|Any CPU.ActiveCfg = Release|Any CPU
		{63FDAD7D-7180-4A20-92B8-D42B19A2BF7F}.Release|Any CPU.Build.0 = Release|Any CPU
		{63FDAD7D-7180-4A20-92B8-D42B19A2BF7F}.Release|x64.ActiveCfg = Release|Any CPU
		{63FDAD7D-7180-4A20-92B8-D42B19A2BF7F}.Release|x64.Build.0 = Release|Any CPU
		{63FDAD7D-7180-4A20-92B8-D42B19A2BF7F}.Release|x86.ActiveCfg = Release|Any CPU
		{63FDAD7D-7180-4A20-92B8-D42B19A2BF7F}.Release|x86.Build.0 = Release|Any CPU
		{836E4455-E41A-4453-A0BB-0860746A0760}.Debug|Any CPU.ActiveCfg = Debug|Any CPU
		{836E4455-E41A-4453-A0BB-0860746A0760}.Debug|Any CPU.Build.0 = Debug|Any CPU
		{836E4455-E41A-4453-A0BB-0860746A0760}.Debug|x64.ActiveCfg = Debug|Any CPU
		{836E4455-E41A-4453-A0BB-0860746A0760}.Debug|x64.Build.0 = Debug|Any CPU
		{836E4455-E41A-4453-A0BB-0860746A0760}.Debug|x86.ActiveCfg = Debug|Any CPU
		{836E4455-E41A-4453-A0BB-0860746A0760}.Debug|x86.Build.0 = Debug|Any CPU
		{836E4455-E41A-4453-A0BB-0860746A0760}.Release|Any CPU.ActiveCfg = Release|Any CPU
		{836E4455-E41A-4453-A0BB-0860746A0760}.Release|Any CPU.Build.0 = Release|Any CPU
		{836E4455-E41A-4453-A0BB-0860746A0760}.Release|x64.ActiveCfg = Release|Any CPU
		{836E4455-E41A-4453-A0BB-0860746A0760}.Release|x64.Build.0 = Release|Any CPU
		{836E4455-E41A-4453-A0BB-0860746A0760}.Release|x86.ActiveCfg = Release|Any CPU
		{836E4455-E41A-4453-A0BB-0860746A0760}.Release|x86.Build.0 = Release|Any CPU
		{43A0E3B6-6563-4116-AA3D-0A028D1FC713}.Debug|Any CPU.ActiveCfg = Debug|Any CPU
		{43A0E3B6-6563-4116-AA3D-0A028D1FC713}.Debug|Any CPU.Build.0 = Debug|Any CPU
		{43A0E3B6-6563-4116-AA3D-0A028D1FC713}.Debug|x64.ActiveCfg = Debug|Any CPU
		{43A0E3B6-6563-4116-AA3D-0A028D1FC713}.Debug|x64.Build.0 = Debug|Any CPU
		{43A0E3B6-6563-4116-AA3D-0A028D1FC713}.Debug|x86.ActiveCfg = Debug|Any CPU
		{43A0E3B6-6563-4116-AA3D-0A028D1FC713}.Debug|x86.Build.0 = Debug|Any CPU
		{43A0E3B6-6563-4116-AA3D-0A028D1FC713}.Release|Any CPU.ActiveCfg = Release|Any CPU
		{43A0E3B6-6563-4116-AA3D-0A028D1FC713}.Release|Any CPU.Build.0 = Release|Any CPU
		{43A0E3B6-6563-4116-AA3D-0A028D1FC713}.Release|x64.ActiveCfg = Release|Any CPU
		{43A0E3B6-6563-4116-AA3D-0A028D1FC713}.Release|x64.Build.0 = Release|Any CPU
		{43A0E3B6-6563-4116-AA3D-0A028D1FC713}.Release|x86.ActiveCfg = Release|Any CPU
		{43A0E3B6-6563-4116-AA3D-0A028D1FC713}.Release|x86.Build.0 = Release|Any CPU
		{04ABA687-35F5-4D38-BA02-08C8C39A3A5B}.Debug|Any CPU.ActiveCfg = Debug|Any CPU
		{04ABA687-35F5-4D38-BA02-08C8C39A3A5B}.Debug|Any CPU.Build.0 = Debug|Any CPU
		{04ABA687-35F5-4D38-BA02-08C8C39A3A5B}.Debug|x64.ActiveCfg = Debug|Any CPU
		{04ABA687-35F5-4D38-BA02-08C8C39A3A5B}.Debug|x64.Build.0 = Debug|Any CPU
		{04ABA687-35F5-4D38-BA02-08C8C39A3A5B}.Debug|x86.ActiveCfg = Debug|Any CPU
		{04ABA687-35F5-4D38-BA02-08C8C39A3A5B}.Debug|x86.Build.0 = Debug|Any CPU
		{04ABA687-35F5-4D38-BA02-08C8C39A3A5B}.Release|Any CPU.ActiveCfg = Release|Any CPU
		{04ABA687-35F5-4D38-BA02-08C8C39A3A5B}.Release|Any CPU.Build.0 = Release|Any CPU
		{04ABA687-35F5-4D38-BA02-08C8C39A3A5B}.Release|x64.ActiveCfg = Release|Any CPU
		{04ABA687-35F5-4D38-BA02-08C8C39A3A5B}.Release|x64.Build.0 = Release|Any CPU
		{04ABA687-35F5-4D38-BA02-08C8C39A3A5B}.Release|x86.ActiveCfg = Release|Any CPU
		{04ABA687-35F5-4D38-BA02-08C8C39A3A5B}.Release|x86.Build.0 = Release|Any CPU
		{7F96B188-4613-4320-B122-6D835DEC490D}.Debug|Any CPU.ActiveCfg = Debug|Any CPU
		{7F96B188-4613-4320-B122-6D835DEC490D}.Debug|Any CPU.Build.0 = Debug|Any CPU
		{7F96B188-4613-4320-B122-6D835DEC490D}.Debug|x64.ActiveCfg = Debug|Any CPU
		{7F96B188-4613-4320-B122-6D835DEC490D}.Debug|x64.Build.0 = Debug|Any CPU
		{7F96B188-4613-4320-B122-6D835DEC490D}.Debug|x86.ActiveCfg = Debug|Any CPU
		{7F96B188-4613-4320-B122-6D835DEC490D}.Debug|x86.Build.0 = Debug|Any CPU
		{7F96B188-4613-4320-B122-6D835DEC490D}.Release|Any CPU.ActiveCfg = Release|Any CPU
		{7F96B188-4613-4320-B122-6D835DEC490D}.Release|Any CPU.Build.0 = Release|Any CPU
		{7F96B188-4613-4320-B122-6D835DEC490D}.Release|x64.ActiveCfg = Release|Any CPU
		{7F96B188-4613-4320-B122-6D835DEC490D}.Release|x64.Build.0 = Release|Any CPU
		{7F96B188-4613-4320-B122-6D835DEC490D}.Release|x86.ActiveCfg = Release|Any CPU
		{7F96B188-4613-4320-B122-6D835DEC490D}.Release|x86.Build.0 = Release|Any CPU
		{C8B553E6-7C4A-4FB0-AB5F-67413667D42A}.Debug|Any CPU.ActiveCfg = Debug|Any CPU
		{C8B553E6-7C4A-4FB0-AB5F-67413667D42A}.Debug|Any CPU.Build.0 = Debug|Any CPU
		{C8B553E6-7C4A-4FB0-AB5F-67413667D42A}.Debug|x64.ActiveCfg = Debug|Any CPU
		{C8B553E6-7C4A-4FB0-AB5F-67413667D42A}.Debug|x64.Build.0 = Debug|Any CPU
		{C8B553E6-7C4A-4FB0-AB5F-67413667D42A}.Debug|x86.ActiveCfg = Debug|Any CPU
		{C8B553E6-7C4A-4FB0-AB5F-67413667D42A}.Debug|x86.Build.0 = Debug|Any CPU
		{C8B553E6-7C4A-4FB0-AB5F-67413667D42A}.Release|Any CPU.ActiveCfg = Release|Any CPU
		{C8B553E6-7C4A-4FB0-AB5F-67413667D42A}.Release|Any CPU.Build.0 = Release|Any CPU
		{C8B553E6-7C4A-4FB0-AB5F-67413667D42A}.Release|x64.ActiveCfg = Release|Any CPU
		{C8B553E6-7C4A-4FB0-AB5F-67413667D42A}.Release|x64.Build.0 = Release|Any CPU
		{C8B553E6-7C4A-4FB0-AB5F-67413667D42A}.Release|x86.ActiveCfg = Release|Any CPU
		{C8B553E6-7C4A-4FB0-AB5F-67413667D42A}.Release|x86.Build.0 = Release|Any CPU
	EndGlobalSection
	GlobalSection(SolutionProperties) = preSolution
		HideSolutionNode = FALSE
	EndGlobalSection
	GlobalSection(NestedProjects) = preSolution
		{28F3993E-546E-4115-9C1B-237210224CB3} = {3A7D5274-4D63-4C07-BC72-74153BCF8E24}
		{F9ECA8CC-EB11-49CE-8510-62D39C161F2C} = {3A7D5274-4D63-4C07-BC72-74153BCF8E24}
		{836E4455-E41A-4453-A0BB-0860746A0760} = {1B99156D-ADE7-4E42-AA65-F35EA44CFCA6}
		{43A0E3B6-6563-4116-AA3D-0A028D1FC713} = {3A7D5274-4D63-4C07-BC72-74153BCF8E24}
		{04ABA687-35F5-4D38-BA02-08C8C39A3A5B} = {3A7D5274-4D63-4C07-BC72-74153BCF8E24}
		{7F96B188-4613-4320-B122-6D835DEC490D} = {1B99156D-ADE7-4E42-AA65-F35EA44CFCA6}
		{C8B553E6-7C4A-4FB0-AB5F-67413667D42A} = {1B99156D-ADE7-4E42-AA65-F35EA44CFCA6}
	EndGlobalSection
EndGlobal
